
Microsoft Visual Studio Solution File, Format Version 12.00
Project("{FAE04EC0-301F-11D3-BF4B-00C04F79EFBC}") = "SimpleApp", "SimpleApp\SimpleApp.csproj", "{D5A1096F-4F26-424D-BED4-0E7060125E1E}"
EndProject
Project("{2150E333-8FDC-42A3-9474-1A3956D46DE8}") = "Solution Items", "Solution Items", "{6D28496F-AE39-4B21-A36B-897D627ABC8A}"
EndProject
Global
	GlobalSection(SolutionConfigurationPlatforms) = preSolution
		Debug|Any CPU = Debug|Any CPU
		Release|Any CPU = Release|Any CPU
	EndGlobalSection
	GlobalSection(ProjectConfigurationPlatforms) = postSolution
		{D5A1096F-4F26-424D-BED4-0E7060125E1E}.Debug|Any CPU.ActiveCfg = Debug|Any CPU
		{D5A1096F-4F26-424D-BED4-0E7060125E1E}.Debug|Any CPU.Build.0 = Debug|Any CPU
		{D5A1096F-4F26-424D-BED4-0E7060125E1E}.Release|Any CPU.ActiveCfg = Release|Any CPU
		{D5A1096F-4F26-424D-BED4-0E7060125E1E}.Release|Any CPU.Build.0 = Release|Any CPU
	EndGlobalSection
EndGlobal
